
Microsoft Visual Studio Solution File, Format Version 12.00
# Visual Studio 2013
VisualStudioVersion = 12.0.31101.0
MinimumVisualStudioVersion = 10.0.40219.1
Project("{FAE04EC0-301F-11D3-BF4B-00C04F79EFBC}") = "UserInterface", "UserInterface\UserInterface.csproj", "{9B87B6E9-C05E-4443-8850-D577C51422D1}"
EndProject
Project("{FAE04EC0-301F-11D3-BF4B-00C04F79EFBC}") = "BusinessLogics", "BusinessLogics\BusinessLogics.csproj", "{D6B74C79-A762-451D-BE28-DC2EA3B7BC3D}"
EndProject
Project("{FAE04EC0-301F-11D3-BF4B-00C04F79EFBC}") = "DataAccess", "DataAccess\DataAccess.csproj", "{ADBCD27F-8035-4CB3-A996-9EC8D72E7750}"
EndProject
Project("{FAE04EC0-301F-11D3-BF4B-00C04F79EFBC}") = "WebServices", "WebServices\WebServices.csproj", "{67590065-035C-4FC9-82EB-A1AA6C1214C3}"
EndProject
Project("{FAE04EC0-301F-11D3-BF4B-00C04F79EFBC}") = "DataProcessorService", "DataProcessorService\DataProcessorService.csproj", "{1D8AE7FE-5C96-46F6-907B-FC7FCF2C7794}"
EndProject
Project("{FAE04EC0-301F-11D3-BF4B-00C04F79EFBC}") = "DataTransferService", "DataTransferService\DataTransferService.csproj", "{0401F184-B382-41DB-83BC-EEDEE9C87496}"
	ProjectSection(ProjectDependencies) = postProject
		{67590065-035C-4FC9-82EB-A1AA6C1214C3} = {67590065-035C-4FC9-82EB-A1AA6C1214C3}
	EndProjectSection
EndProject
Project("{FAE04EC0-301F-11D3-BF4B-00C04F79EFBC}") = "VanLeeuwen.Framework", "..\..\Library\VanLeeuwen.Framework\VanLeeuwen.Framework.csproj", "{E1F1ECB3-4BC2-4660-ABD5-81800BF668B0}"
EndProject
Project("{FAE04EC0-301F-11D3-BF4B-00C04F79EFBC}") = "TestApp", "TestApp\TestApp.csproj", "{EF449BF1-7E08-452B-8F00-00B37762D32F}"
EndProject
Project("{FAE04EC0-301F-11D3-BF4B-00C04F79EFBC}") = "PdfSharp", "..\..\ThirdParty\PdfSharp\PdfSharp.csproj", "{5384CE57-1F94-4D22-860D-2E9C1AC12DDF}"
EndProject
Project("{6141683F-8A12-4E36-9623-2EB02B2C2303}") = "DataProcessorInstaller", "DataProcessorInstaller\DataProcessorInstaller.isproj", "{FDA57BC6-76E0-4E01-B4BC-A03A969FCE3F}"
	ProjectSection(ProjectDependencies) = postProject
		{1D8AE7FE-5C96-46F6-907B-FC7FCF2C7794} = {1D8AE7FE-5C96-46F6-907B-FC7FCF2C7794}
	EndProjectSection
EndProject
Project("{6141683F-8A12-4E36-9623-2EB02B2C2303}") = "DataTransferInstaller", "DataTransferInstaller\DataTransferInstaller.isproj", "{C67C2FB3-6C8A-44C4-BEAE-D80748EF1B2E}"
	ProjectSection(ProjectDependencies) = postProject
		{0401F184-B382-41DB-83BC-EEDEE9C87496} = {0401F184-B382-41DB-83BC-EEDEE9C87496}
	EndProjectSection
EndProject
Global
	GlobalSection(VaultVsipSolution-v1) = preSolution
		ExcludedFileCount = 1
		ExcludedFile0 = UserInterface\Pages\AddRole.aspx.cs
	EndGlobalSection
	GlobalSection(SolutionConfigurationPlatforms) = preSolution
		CD_ROM|Any CPU = CD_ROM|Any CPU
		CD_ROM|x64 = CD_ROM|x64
		CD_ROM|x86 = CD_ROM|x86
		Client|Any CPU = Client|Any CPU
		Client|x64 = Client|x64
		Client|x86 = Client|x86
		Debug|Any CPU = Debug|Any CPU
		Debug|x64 = Debug|x64
		Debug|x86 = Debug|x86
		DVD-5|Any CPU = DVD-5|Any CPU
		DVD-5|x64 = DVD-5|x64
		DVD-5|x86 = DVD-5|x86
		Release|Any CPU = Release|Any CPU
		Release|x64 = Release|x64
		Release|x86 = Release|x86
		Server|Any CPU = Server|Any CPU
		Server|x64 = Server|x64
		Server|x86 = Server|x86
		SingleImage|Any CPU = SingleImage|Any CPU
		SingleImage|x64 = SingleImage|x64
		SingleImage|x86 = SingleImage|x86
	EndGlobalSection
	GlobalSection(ProjectConfigurationPlatforms) = postSolution
		{9B87B6E9-C05E-4443-8850-D577C51422D1}.CD_ROM|Any CPU.ActiveCfg = Debug|Any CPU
		{9B87B6E9-C05E-4443-8850-D577C51422D1}.CD_ROM|Any CPU.Build.0 = Debug|Any CPU
		{9B87B6E9-C05E-4443-8850-D577C51422D1}.CD_ROM|x64.ActiveCfg = Debug|Any CPU
		{9B87B6E9-C05E-4443-8850-D577C51422D1}.CD_ROM|x86.ActiveCfg = Debug|Any CPU
		{9B87B6E9-C05E-4443-8850-D577C51422D1}.Client|Any CPU.ActiveCfg = Release|Any CPU
		{9B87B6E9-C05E-4443-8850-D577C51422D1}.Client|Any CPU.Build.0 = Release|Any CPU
		{9B87B6E9-C05E-4443-8850-D577C51422D1}.Client|x64.ActiveCfg = Release|Any CPU
		{9B87B6E9-C05E-4443-8850-D577C51422D1}.Client|x86.ActiveCfg = Release|Any CPU
		{9B87B6E9-C05E-4443-8850-D577C51422D1}.Debug|Any CPU.ActiveCfg = Debug|Any CPU
		{9B87B6E9-C05E-4443-8850-D577C51422D1}.Debug|Any CPU.Build.0 = Debug|Any CPU
		{9B87B6E9-C05E-4443-8850-D577C51422D1}.Debug|x64.ActiveCfg = Debug|Any CPU
		{9B87B6E9-C05E-4443-8850-D577C51422D1}.Debug|x86.ActiveCfg = Debug|Any CPU
		{9B87B6E9-C05E-4443-8850-D577C51422D1}.Debug|x86.Build.0 = Debug|Any CPU
		{9B87B6E9-C05E-4443-8850-D577C51422D1}.DVD-5|Any CPU.ActiveCfg = Debug|Any CPU
		{9B87B6E9-C05E-4443-8850-D577C51422D1}.DVD-5|Any CPU.Build.0 = Debug|Any CPU
		{9B87B6E9-C05E-4443-8850-D577C51422D1}.DVD-5|x64.ActiveCfg = Debug|Any CPU
		{9B87B6E9-C05E-4443-8850-D577C51422D1}.DVD-5|x86.ActiveCfg = Debug|Any CPU
		{9B87B6E9-C05E-4443-8850-D577C51422D1}.Release|Any CPU.ActiveCfg = Release|Any CPU
		{9B87B6E9-C05E-4443-8850-D577C51422D1}.Release|Any CPU.Build.0 = Release|Any CPU
		{9B87B6E9-C05E-4443-8850-D577C51422D1}.Release|x64.ActiveCfg = Release|Any CPU
		{9B87B6E9-C05E-4443-8850-D577C51422D1}.Release|x86.ActiveCfg = Release|Any CPU
		{9B87B6E9-C05E-4443-8850-D577C51422D1}.Server|Any CPU.ActiveCfg = Release|Any CPU
		{9B87B6E9-C05E-4443-8850-D577C51422D1}.Server|Any CPU.Build.0 = Release|Any CPU
		{9B87B6E9-C05E-4443-8850-D577C51422D1}.Server|x64.ActiveCfg = Release|Any CPU
		{9B87B6E9-C05E-4443-8850-D577C51422D1}.Server|x86.ActiveCfg = Release|Any CPU
		{9B87B6E9-C05E-4443-8850-D577C51422D1}.SingleImage|Any CPU.ActiveCfg = Debug|Any CPU
		{9B87B6E9-C05E-4443-8850-D577C51422D1}.SingleImage|Any CPU.Build.0 = Debug|Any CPU
		{9B87B6E9-C05E-4443-8850-D577C51422D1}.SingleImage|x64.ActiveCfg = Debug|Any CPU
		{9B87B6E9-C05E-4443-8850-D577C51422D1}.SingleImage|x86.ActiveCfg = Debug|Any CPU
		{D6B74C79-A762-451D-BE28-DC2EA3B7BC3D}.CD_ROM|Any CPU.ActiveCfg = Debug|Any CPU
		{D6B74C79-A762-451D-BE28-DC2EA3B7BC3D}.CD_ROM|Any CPU.Build.0 = Debug|Any CPU
		{D6B74C79-A762-451D-BE28-DC2EA3B7BC3D}.CD_ROM|x64.ActiveCfg = Debug|Any CPU
		{D6B74C79-A762-451D-BE28-DC2EA3B7BC3D}.CD_ROM|x86.ActiveCfg = Debug|Any CPU
		{D6B74C79-A762-451D-BE28-DC2EA3B7BC3D}.Client|Any CPU.ActiveCfg = Release|Any CPU
		{D6B74C79-A762-451D-BE28-DC2EA3B7BC3D}.Client|Any CPU.Build.0 = Release|Any CPU
		{D6B74C79-A762-451D-BE28-DC2EA3B7BC3D}.Client|x64.ActiveCfg = Release|Any CPU
		{D6B74C79-A762-451D-BE28-DC2EA3B7BC3D}.Client|x86.ActiveCfg = Release|Any CPU
		{D6B74C79-A762-451D-BE28-DC2EA3B7BC3D}.Debug|Any CPU.ActiveCfg = Debug|Any CPU
		{D6B74C79-A762-451D-BE28-DC2EA3B7BC3D}.Debug|Any CPU.Build.0 = Debug|Any CPU
		{D6B74C79-A762-451D-BE28-DC2EA3B7BC3D}.Debug|x64.ActiveCfg = Debug|Any CPU
		{D6B74C79-A762-451D-BE28-DC2EA3B7BC3D}.Debug|x86.ActiveCfg = Debug|Any CPU
		{D6B74C79-A762-451D-BE28-DC2EA3B7BC3D}.Debug|x86.Build.0 = Debug|Any CPU
		{D6B74C79-A762-451D-BE28-DC2EA3B7BC3D}.DVD-5|Any CPU.ActiveCfg = Debug|Any CPU
		{D6B74C79-A762-451D-BE28-DC2EA3B7BC3D}.DVD-5|Any CPU.Build.0 = Debug|Any CPU
		{D6B74C79-A762-451D-BE28-DC2EA3B7BC3D}.DVD-5|x64.ActiveCfg = Debug|Any CPU
		{D6B74C79-A762-451D-BE28-DC2EA3B7BC3D}.DVD-5|x86.ActiveCfg = Debug|Any CPU
		{D6B74C79-A762-451D-BE28-DC2EA3B7BC3D}.Release|Any CPU.ActiveCfg = Release|Any CPU
		{D6B74C79-A762-451D-BE28-DC2EA3B7BC3D}.Release|Any CPU.Build.0 = Release|Any CPU
		{D6B74C79-A762-451D-BE28-DC2EA3B7BC3D}.Release|x64.ActiveCfg = Release|Any CPU
		{D6B74C79-A762-451D-BE28-DC2EA3B7BC3D}.Release|x86.ActiveCfg = Release|Any CPU
		{D6B74C79-A762-451D-BE28-DC2EA3B7BC3D}.Server|Any CPU.ActiveCfg = Release|Any CPU
		{D6B74C79-A762-451D-BE28-DC2EA3B7BC3D}.Server|Any CPU.Build.0 = Release|Any CPU
		{D6B74C79-A762-451D-BE28-DC2EA3B7BC3D}.Server|x64.ActiveCfg = Release|Any CPU
		{D6B74C79-A762-451D-BE28-DC2EA3B7BC3D}.Server|x86.ActiveCfg = Release|Any CPU
		{D6B74C79-A762-451D-BE28-DC2EA3B7BC3D}.SingleImage|Any CPU.ActiveCfg = Debug|Any CPU
		{D6B74C79-A762-451D-BE28-DC2EA3B7BC3D}.SingleImage|Any CPU.Build.0 = Debug|Any CPU
		{D6B74C79-A762-451D-BE28-DC2EA3B7BC3D}.SingleImage|x64.ActiveCfg = Debug|Any CPU
		{D6B74C79-A762-451D-BE28-DC2EA3B7BC3D}.SingleImage|x86.ActiveCfg = Debug|Any CPU
		{ADBCD27F-8035-4CB3-A996-9EC8D72E7750}.CD_ROM|Any CPU.ActiveCfg = Debug|Any CPU
		{ADBCD27F-8035-4CB3-A996-9EC8D72E7750}.CD_ROM|Any CPU.Build.0 = Debug|Any CPU
		{ADBCD27F-8035-4CB3-A996-9EC8D72E7750}.CD_ROM|x64.ActiveCfg = Debug|Any CPU
		{ADBCD27F-8035-4CB3-A996-9EC8D72E7750}.CD_ROM|x86.ActiveCfg = Debug|Any CPU
		{ADBCD27F-8035-4CB3-A996-9EC8D72E7750}.Client|Any CPU.ActiveCfg = Release|Any CPU
		{ADBCD27F-8035-4CB3-A996-9EC8D72E7750}.Client|Any CPU.Build.0 = Release|Any CPU
		{ADBCD27F-8035-4CB3-A996-9EC8D72E7750}.Client|x64.ActiveCfg = Release|Any CPU
		{ADBCD27F-8035-4CB3-A996-9EC8D72E7750}.Client|x86.ActiveCfg = Release|Any CPU
		{ADBCD27F-8035-4CB3-A996-9EC8D72E7750}.Debug|Any CPU.ActiveCfg = Debug|Any CPU
		{ADBCD27F-8035-4CB3-A996-9EC8D72E7750}.Debug|Any CPU.Build.0 = Debug|Any CPU
		{ADBCD27F-8035-4CB3-A996-9EC8D72E7750}.Debug|x64.ActiveCfg = Debug|Any CPU
		{ADBCD27F-8035-4CB3-A996-9EC8D72E7750}.Debug|x86.ActiveCfg = Debug|Any CPU
		{ADBCD27F-8035-4CB3-A996-9EC8D72E7750}.Debug|x86.Build.0 = Debug|Any CPU
		{ADBCD27F-8035-4CB3-A996-9EC8D72E7750}.DVD-5|Any CPU.ActiveCfg = Debug|Any CPU
		{ADBCD27F-8035-4CB3-A996-9EC8D72E7750}.DVD-5|Any CPU.Build.0 = Debug|Any CPU
		{ADBCD27F-8035-4CB3-A996-9EC8D72E7750}.DVD-5|x64.ActiveCfg = Debug|Any CPU
		{ADBCD27F-8035-4CB3-A996-9EC8D72E7750}.DVD-5|x86.ActiveCfg = Debug|Any CPU
		{ADBCD27F-8035-4CB3-A996-9EC8D72E7750}.Release|Any CPU.ActiveCfg = Release|Any CPU
		{ADBCD27F-8035-4CB3-A996-9EC8D72E7750}.Release|Any CPU.Build.0 = Release|Any CPU
		{ADBCD27F-8035-4CB3-A996-9EC8D72E7750}.Release|x64.ActiveCfg = Release|Any CPU
		{ADBCD27F-8035-4CB3-A996-9EC8D72E7750}.Release|x86.ActiveCfg = Release|Any CPU
		{ADBCD27F-8035-4CB3-A996-9EC8D72E7750}.Server|Any CPU.ActiveCfg = Release|Any CPU
		{ADBCD27F-8035-4CB3-A996-9EC8D72E7750}.Server|Any CPU.Build.0 = Release|Any CPU
		{ADBCD27F-8035-4CB3-A996-9EC8D72E7750}.Server|x64.ActiveCfg = Release|Any CPU
		{ADBCD27F-8035-4CB3-A996-9EC8D72E7750}.Server|x86.ActiveCfg = Release|Any CPU
		{ADBCD27F-8035-4CB3-A996-9EC8D72E7750}.SingleImage|Any CPU.ActiveCfg = Debug|Any CPU
		{ADBCD27F-8035-4CB3-A996-9EC8D72E7750}.SingleImage|Any CPU.Build.0 = Debug|Any CPU
		{ADBCD27F-8035-4CB3-A996-9EC8D72E7750}.SingleImage|x64.ActiveCfg = Debug|Any CPU
		{ADBCD27F-8035-4CB3-A996-9EC8D72E7750}.SingleImage|x86.ActiveCfg = Debug|Any CPU
		{67590065-035C-4FC9-82EB-A1AA6C1214C3}.CD_ROM|Any CPU.ActiveCfg = Debug|Any CPU
		{67590065-035C-4FC9-82EB-A1AA6C1214C3}.CD_ROM|Any CPU.Build.0 = Debug|Any CPU
		{67590065-035C-4FC9-82EB-A1AA6C1214C3}.CD_ROM|x64.ActiveCfg = Debug|Any CPU
		{67590065-035C-4FC9-82EB-A1AA6C1214C3}.CD_ROM|x86.ActiveCfg = Debug|Any CPU
		{67590065-035C-4FC9-82EB-A1AA6C1214C3}.Client|Any CPU.ActiveCfg = Release|Any CPU
		{67590065-035C-4FC9-82EB-A1AA6C1214C3}.Client|Any CPU.Build.0 = Release|Any CPU
		{67590065-035C-4FC9-82EB-A1AA6C1214C3}.Client|x64.ActiveCfg = Release|Any CPU
		{67590065-035C-4FC9-82EB-A1AA6C1214C3}.Client|x86.ActiveCfg = Release|Any CPU
		{67590065-035C-4FC9-82EB-A1AA6C1214C3}.Debug|Any CPU.ActiveCfg = Debug|Any CPU
		{67590065-035C-4FC9-82EB-A1AA6C1214C3}.Debug|Any CPU.Build.0 = Debug|Any CPU
		{67590065-035C-4FC9-82EB-A1AA6C1214C3}.Debug|x64.ActiveCfg = Debug|Any CPU
		{67590065-035C-4FC9-82EB-A1AA6C1214C3}.Debug|x86.ActiveCfg = Debug|Any CPU
		{67590065-035C-4FC9-82EB-A1AA6C1214C3}.Debug|x86.Build.0 = Debug|Any CPU
		{67590065-035C-4FC9-82EB-A1AA6C1214C3}.DVD-5|Any CPU.ActiveCfg = Debug|Any CPU
		{67590065-035C-4FC9-82EB-A1AA6C1214C3}.DVD-5|Any CPU.Build.0 = Debug|Any CPU
		{67590065-035C-4FC9-82EB-A1AA6C1214C3}.DVD-5|x64.ActiveCfg = Debug|Any CPU
		{67590065-035C-4FC9-82EB-A1AA6C1214C3}.DVD-5|x86.ActiveCfg = Debug|Any CPU
		{67590065-035C-4FC9-82EB-A1AA6C1214C3}.Release|Any CPU.ActiveCfg = Release|Any CPU
		{67590065-035C-4FC9-82EB-A1AA6C1214C3}.Release|Any CPU.Build.0 = Release|Any CPU
		{67590065-035C-4FC9-82EB-A1AA6C1214C3}.Release|x64.ActiveCfg = Release|Any CPU
		{67590065-035C-4FC9-82EB-A1AA6C1214C3}.Release|x86.ActiveCfg = Release|Any CPU
		{67590065-035C-4FC9-82EB-A1AA6C1214C3}.Server|Any CPU.ActiveCfg = Release|Any CPU
		{67590065-035C-4FC9-82EB-A1AA6C1214C3}.Server|Any CPU.Build.0 = Release|Any CPU
		{67590065-035C-4FC9-82EB-A1AA6C1214C3}.Server|x64.ActiveCfg = Release|Any CPU
		{67590065-035C-4FC9-82EB-A1AA6C1214C3}.Server|x86.ActiveCfg = Release|Any CPU
		{67590065-035C-4FC9-82EB-A1AA6C1214C3}.SingleImage|Any CPU.ActiveCfg = Debug|Any CPU
		{67590065-035C-4FC9-82EB-A1AA6C1214C3}.SingleImage|Any CPU.Build.0 = Debug|Any CPU
		{67590065-035C-4FC9-82EB-A1AA6C1214C3}.SingleImage|x64.ActiveCfg = Debug|Any CPU
		{67590065-035C-4FC9-82EB-A1AA6C1214C3}.SingleImage|x86.ActiveCfg = Debug|Any CPU
		{1D8AE7FE-5C96-46F6-907B-FC7FCF2C7794}.CD_ROM|Any CPU.ActiveCfg = Debug|Any CPU
		{1D8AE7FE-5C96-46F6-907B-FC7FCF2C7794}.CD_ROM|Any CPU.Build.0 = Debug|Any CPU
		{1D8AE7FE-5C96-46F6-907B-FC7FCF2C7794}.CD_ROM|x64.ActiveCfg = Debug|Any CPU
		{1D8AE7FE-5C96-46F6-907B-FC7FCF2C7794}.CD_ROM|x86.ActiveCfg = Debug|Any CPU
		{1D8AE7FE-5C96-46F6-907B-FC7FCF2C7794}.Client|Any CPU.ActiveCfg = Release|Any CPU
		{1D8AE7FE-5C96-46F6-907B-FC7FCF2C7794}.Client|Any CPU.Build.0 = Release|Any CPU
		{1D8AE7FE-5C96-46F6-907B-FC7FCF2C7794}.Client|x64.ActiveCfg = Release|Any CPU
		{1D8AE7FE-5C96-46F6-907B-FC7FCF2C7794}.Client|x86.ActiveCfg = Release|Any CPU
		{1D8AE7FE-5C96-46F6-907B-FC7FCF2C7794}.Debug|Any CPU.ActiveCfg = Debug|Any CPU
		{1D8AE7FE-5C96-46F6-907B-FC7FCF2C7794}.Debug|Any CPU.Build.0 = Debug|Any CPU
		{1D8AE7FE-5C96-46F6-907B-FC7FCF2C7794}.Debug|x64.ActiveCfg = Debug|Any CPU
		{1D8AE7FE-5C96-46F6-907B-FC7FCF2C7794}.Debug|x86.ActiveCfg = Debug|Any CPU
		{1D8AE7FE-5C96-46F6-907B-FC7FCF2C7794}.Debug|x86.Build.0 = Debug|Any CPU
		{1D8AE7FE-5C96-46F6-907B-FC7FCF2C7794}.DVD-5|Any CPU.ActiveCfg = Debug|Any CPU
		{1D8AE7FE-5C96-46F6-907B-FC7FCF2C7794}.DVD-5|Any CPU.Build.0 = Debug|Any CPU
		{1D8AE7FE-5C96-46F6-907B-FC7FCF2C7794}.DVD-5|x64.ActiveCfg = Debug|Any CPU
		{1D8AE7FE-5C96-46F6-907B-FC7FCF2C7794}.DVD-5|x86.ActiveCfg = Debug|Any CPU
		{1D8AE7FE-5C96-46F6-907B-FC7FCF2C7794}.Release|Any CPU.ActiveCfg = Release|Any CPU
		{1D8AE7FE-5C96-46F6-907B-FC7FCF2C7794}.Release|Any CPU.Build.0 = Release|Any CPU
		{1D8AE7FE-5C96-46F6-907B-FC7FCF2C7794}.Release|x64.ActiveCfg = Release|Any CPU
		{1D8AE7FE-5C96-46F6-907B-FC7FCF2C7794}.Release|x86.ActiveCfg = Release|Any CPU
		{1D8AE7FE-5C96-46F6-907B-FC7FCF2C7794}.Server|Any CPU.ActiveCfg = Release|Any CPU
		{1D8AE7FE-5C96-46F6-907B-FC7FCF2C7794}.Server|Any CPU.Build.0 = Release|Any CPU
		{1D8AE7FE-5C96-46F6-907B-FC7FCF2C7794}.Server|x64.ActiveCfg = Release|Any CPU
		{1D8AE7FE-5C96-46F6-907B-FC7FCF2C7794}.Server|x86.ActiveCfg = Release|Any CPU
		{1D8AE7FE-5C96-46F6-907B-FC7FCF2C7794}.SingleImage|Any CPU.ActiveCfg = Debug|Any CPU
		{1D8AE7FE-5C96-46F6-907B-FC7FCF2C7794}.SingleImage|Any CPU.Build.0 = Debug|Any CPU
		{1D8AE7FE-5C96-46F6-907B-FC7FCF2C7794}.SingleImage|x64.ActiveCfg = Debug|Any CPU
		{1D8AE7FE-5C96-46F6-907B-FC7FCF2C7794}.SingleImage|x86.ActiveCfg = Debug|Any CPU
		{0401F184-B382-41DB-83BC-EEDEE9C87496}.CD_ROM|Any CPU.ActiveCfg = Debug|Any CPU
		{0401F184-B382-41DB-83BC-EEDEE9C87496}.CD_ROM|Any CPU.Build.0 = Debug|Any CPU
		{0401F184-B382-41DB-83BC-EEDEE9C87496}.CD_ROM|x64.ActiveCfg = Debug|Any CPU
		{0401F184-B382-41DB-83BC-EEDEE9C87496}.CD_ROM|x86.ActiveCfg = Debug|Any CPU
		{0401F184-B382-41DB-83BC-EEDEE9C87496}.Client|Any CPU.ActiveCfg = Release|Any CPU
		{0401F184-B382-41DB-83BC-EEDEE9C87496}.Client|Any CPU.Build.0 = Release|Any CPU
		{0401F184-B382-41DB-83BC-EEDEE9C87496}.Client|x64.ActiveCfg = Release|Any CPU
		{0401F184-B382-41DB-83BC-EEDEE9C87496}.Client|x86.ActiveCfg = Release|Any CPU
		{0401F184-B382-41DB-83BC-EEDEE9C87496}.Debug|Any CPU.ActiveCfg = Debug|Any CPU
		{0401F184-B382-41DB-83BC-EEDEE9C87496}.Debug|Any CPU.Build.0 = Debug|Any CPU
		{0401F184-B382-41DB-83BC-EEDEE9C87496}.Debug|x64.ActiveCfg = Debug|Any CPU
		{0401F184-B382-41DB-83BC-EEDEE9C87496}.Debug|x86.ActiveCfg = Debug|Any CPU
		{0401F184-B382-41DB-83BC-EEDEE9C87496}.Debug|x86.Build.0 = Debug|Any CPU
		{0401F184-B382-41DB-83BC-EEDEE9C87496}.DVD-5|Any CPU.ActiveCfg = Debug|Any CPU
		{0401F184-B382-41DB-83BC-EEDEE9C87496}.DVD-5|Any CPU.Build.0 = Debug|Any CPU
		{0401F184-B382-41DB-83BC-EEDEE9C87496}.DVD-5|x64.ActiveCfg = Debug|Any CPU
		{0401F184-B382-41DB-83BC-EEDEE9C87496}.DVD-5|x86.ActiveCfg = Debug|Any CPU
		{0401F184-B382-41DB-83BC-EEDEE9C87496}.Release|Any CPU.ActiveCfg = Release|Any CPU
		{0401F184-B382-41DB-83BC-EEDEE9C87496}.Release|Any CPU.Build.0 = Release|Any CPU
		{0401F184-B382-41DB-83BC-EEDEE9C87496}.Release|x64.ActiveCfg = Release|Any CPU
		{0401F184-B382-41DB-83BC-EEDEE9C87496}.Release|x86.ActiveCfg = Release|Any CPU
		{0401F184-B382-41DB-83BC-EEDEE9C87496}.Server|Any CPU.ActiveCfg = Release|Any CPU
		{0401F184-B382-41DB-83BC-EEDEE9C87496}.Server|Any CPU.Build.0 = Release|Any CPU
		{0401F184-B382-41DB-83BC-EEDEE9C87496}.Server|x64.ActiveCfg = Release|Any CPU
		{0401F184-B382-41DB-83BC-EEDEE9C87496}.Server|x86.ActiveCfg = Release|Any CPU
		{0401F184-B382-41DB-83BC-EEDEE9C87496}.SingleImage|Any CPU.ActiveCfg = Debug|Any CPU
		{0401F184-B382-41DB-83BC-EEDEE9C87496}.SingleImage|Any CPU.Build.0 = Debug|Any CPU
		{0401F184-B382-41DB-83BC-EEDEE9C87496}.SingleImage|x64.ActiveCfg = Debug|Any CPU
		{0401F184-B382-41DB-83BC-EEDEE9C87496}.SingleImage|x86.ActiveCfg = Debug|Any CPU
		{E1F1ECB3-4BC2-4660-ABD5-81800BF668B0}.CD_ROM|Any CPU.ActiveCfg = Client|Any CPU
		{E1F1ECB3-4BC2-4660-ABD5-81800BF668B0}.CD_ROM|Any CPU.Build.0 = Client|Any CPU
		{E1F1ECB3-4BC2-4660-ABD5-81800BF668B0}.CD_ROM|x64.ActiveCfg = Client|x64
		{E1F1ECB3-4BC2-4660-ABD5-81800BF668B0}.CD_ROM|x64.Build.0 = Client|x64
		{E1F1ECB3-4BC2-4660-ABD5-81800BF668B0}.CD_ROM|x86.ActiveCfg = Client|x86
		{E1F1ECB3-4BC2-4660-ABD5-81800BF668B0}.CD_ROM|x86.Build.0 = Client|x86
		{E1F1ECB3-4BC2-4660-ABD5-81800BF668B0}.Client|Any CPU.ActiveCfg = Client|Any CPU
		{E1F1ECB3-4BC2-4660-ABD5-81800BF668B0}.Client|Any CPU.Build.0 = Client|Any CPU
		{E1F1ECB3-4BC2-4660-ABD5-81800BF668B0}.Client|x64.ActiveCfg = Client|x64
		{E1F1ECB3-4BC2-4660-ABD5-81800BF668B0}.Client|x64.Build.0 = Client|x64
		{E1F1ECB3-4BC2-4660-ABD5-81800BF668B0}.Client|x86.ActiveCfg = Client|x86
		{E1F1ECB3-4BC2-4660-ABD5-81800BF668B0}.Client|x86.Build.0 = Client|x86
		{E1F1ECB3-4BC2-4660-ABD5-81800BF668B0}.Debug|Any CPU.ActiveCfg = Debug|Any CPU
		{E1F1ECB3-4BC2-4660-ABD5-81800BF668B0}.Debug|Any CPU.Build.0 = Debug|Any CPU
		{E1F1ECB3-4BC2-4660-ABD5-81800BF668B0}.Debug|x64.ActiveCfg = Debug|x64
		{E1F1ECB3-4BC2-4660-ABD5-81800BF668B0}.Debug|x64.Build.0 = Debug|x64
		{E1F1ECB3-4BC2-4660-ABD5-81800BF668B0}.Debug|x86.ActiveCfg = Debug|x86
		{E1F1ECB3-4BC2-4660-ABD5-81800BF668B0}.Debug|x86.Build.0 = Debug|x86
		{E1F1ECB3-4BC2-4660-ABD5-81800BF668B0}.DVD-5|Any CPU.ActiveCfg = Debug|Any CPU
		{E1F1ECB3-4BC2-4660-ABD5-81800BF668B0}.DVD-5|Any CPU.Build.0 = Debug|Any CPU
		{E1F1ECB3-4BC2-4660-ABD5-81800BF668B0}.DVD-5|x64.ActiveCfg = Debug|x64
		{E1F1ECB3-4BC2-4660-ABD5-81800BF668B0}.DVD-5|x64.Build.0 = Debug|x64
		{E1F1ECB3-4BC2-4660-ABD5-81800BF668B0}.DVD-5|x86.ActiveCfg = Debug|x86
		{E1F1ECB3-4BC2-4660-ABD5-81800BF668B0}.DVD-5|x86.Build.0 = Debug|x86
		{E1F1ECB3-4BC2-4660-ABD5-81800BF668B0}.Release|Any CPU.ActiveCfg = Release|Any CPU
		{E1F1ECB3-4BC2-4660-ABD5-81800BF668B0}.Release|Any CPU.Build.0 = Release|Any CPU
		{E1F1ECB3-4BC2-4660-ABD5-81800BF668B0}.Release|x64.ActiveCfg = Release|x64
		{E1F1ECB3-4BC2-4660-ABD5-81800BF668B0}.Release|x64.Build.0 = Release|x64
		{E1F1ECB3-4BC2-4660-ABD5-81800BF668B0}.Release|x86.ActiveCfg = Release|x86
		{E1F1ECB3-4BC2-4660-ABD5-81800BF668B0}.Release|x86.Build.0 = Release|x86
		{E1F1ECB3-4BC2-4660-ABD5-81800BF668B0}.Server|Any CPU.ActiveCfg = Server|Any CPU
		{E1F1ECB3-4BC2-4660-ABD5-81800BF668B0}.Server|Any CPU.Build.0 = Server|Any CPU
		{E1F1ECB3-4BC2-4660-ABD5-81800BF668B0}.Server|x64.ActiveCfg = Server|x64
		{E1F1ECB3-4BC2-4660-ABD5-81800BF668B0}.Server|x64.Build.0 = Server|x64
		{E1F1ECB3-4BC2-4660-ABD5-81800BF668B0}.Server|x86.ActiveCfg = Server|x86
		{E1F1ECB3-4BC2-4660-ABD5-81800BF668B0}.Server|x86.Build.0 = Server|x86
		{E1F1ECB3-4BC2-4660-ABD5-81800BF668B0}.SingleImage|Any CPU.ActiveCfg = Server|Any CPU
		{E1F1ECB3-4BC2-4660-ABD5-81800BF668B0}.SingleImage|Any CPU.Build.0 = Server|Any CPU
		{E1F1ECB3-4BC2-4660-ABD5-81800BF668B0}.SingleImage|x64.ActiveCfg = Server|x64
		{E1F1ECB3-4BC2-4660-ABD5-81800BF668B0}.SingleImage|x64.Build.0 = Server|x64
		{E1F1ECB3-4BC2-4660-ABD5-81800BF668B0}.SingleImage|x86.ActiveCfg = Server|x86
		{E1F1ECB3-4BC2-4660-ABD5-81800BF668B0}.SingleImage|x86.Build.0 = Server|x86
		{EF449BF1-7E08-452B-8F00-00B37762D32F}.CD_ROM|Any CPU.ActiveCfg = Debug|Any CPU
		{EF449BF1-7E08-452B-8F00-00B37762D32F}.CD_ROM|Any CPU.Build.0 = Debug|Any CPU
		{EF449BF1-7E08-452B-8F00-00B37762D32F}.CD_ROM|x64.ActiveCfg = Debug|Any CPU
		{EF449BF1-7E08-452B-8F00-00B37762D32F}.CD_ROM|x86.ActiveCfg = Debug|Any CPU
		{EF449BF1-7E08-452B-8F00-00B37762D32F}.Client|Any CPU.ActiveCfg = Release|Any CPU
		{EF449BF1-7E08-452B-8F00-00B37762D32F}.Client|Any CPU.Build.0 = Release|Any CPU
		{EF449BF1-7E08-452B-8F00-00B37762D32F}.Client|x64.ActiveCfg = Release|Any CPU
		{EF449BF1-7E08-452B-8F00-00B37762D32F}.Client|x86.ActiveCfg = Release|Any CPU
		{EF449BF1-7E08-452B-8F00-00B37762D32F}.Debug|Any CPU.ActiveCfg = Debug|Any CPU
		{EF449BF1-7E08-452B-8F00-00B37762D32F}.Debug|Any CPU.Build.0 = Debug|Any CPU
		{EF449BF1-7E08-452B-8F00-00B37762D32F}.Debug|x64.ActiveCfg = Debug|Any CPU
		{EF449BF1-7E08-452B-8F00-00B37762D32F}.Debug|x86.ActiveCfg = Debug|Any CPU
		{EF449BF1-7E08-452B-8F00-00B37762D32F}.Debug|x86.Build.0 = Debug|Any CPU
		{EF449BF1-7E08-452B-8F00-00B37762D32F}.DVD-5|Any CPU.ActiveCfg = Debug|Any CPU
		{EF449BF1-7E08-452B-8F00-00B37762D32F}.DVD-5|Any CPU.Build.0 = Debug|Any CPU
		{EF449BF1-7E08-452B-8F00-00B37762D32F}.DVD-5|x64.ActiveCfg = Debug|Any CPU
		{EF449BF1-7E08-452B-8F00-00B37762D32F}.DVD-5|x86.ActiveCfg = Debug|Any CPU
		{EF449BF1-7E08-452B-8F00-00B37762D32F}.Release|Any CPU.ActiveCfg = Release|Any CPU
		{EF449BF1-7E08-452B-8F00-00B37762D32F}.Release|Any CPU.Build.0 = Release|Any CPU
		{EF449BF1-7E08-452B-8F00-00B37762D32F}.Release|x64.ActiveCfg = Release|Any CPU
		{EF449BF1-7E08-452B-8F00-00B37762D32F}.Release|x86.ActiveCfg = Release|Any CPU
		{EF449BF1-7E08-452B-8F00-00B37762D32F}.Server|Any CPU.ActiveCfg = Release|Any CPU
		{EF449BF1-7E08-452B-8F00-00B37762D32F}.Server|Any CPU.Build.0 = Release|Any CPU
		{EF449BF1-7E08-452B-8F00-00B37762D32F}.Server|x64.ActiveCfg = Release|Any CPU
		{EF449BF1-7E08-452B-8F00-00B37762D32F}.Server|x86.ActiveCfg = Release|Any CPU
		{EF449BF1-7E08-452B-8F00-00B37762D32F}.SingleImage|Any CPU.ActiveCfg = Debug|Any CPU
		{EF449BF1-7E08-452B-8F00-00B37762D32F}.SingleImage|Any CPU.Build.0 = Debug|Any CPU
		{EF449BF1-7E08-452B-8F00-00B37762D32F}.SingleImage|x64.ActiveCfg = Debug|Any CPU
		{EF449BF1-7E08-452B-8F00-00B37762D32F}.SingleImage|x86.ActiveCfg = Debug|Any CPU
		{5384CE57-1F94-4D22-860D-2E9C1AC12DDF}.CD_ROM|Any CPU.ActiveCfg = Debug|Any CPU
		{5384CE57-1F94-4D22-860D-2E9C1AC12DDF}.CD_ROM|Any CPU.Build.0 = Debug|Any CPU
		{5384CE57-1F94-4D22-860D-2E9C1AC12DDF}.CD_ROM|x64.ActiveCfg = Debug|Any CPU
		{5384CE57-1F94-4D22-860D-2E9C1AC12DDF}.CD_ROM|x86.ActiveCfg = Debug|Any CPU
		{5384CE57-1F94-4D22-860D-2E9C1AC12DDF}.Client|Any CPU.ActiveCfg = Release|Any CPU
		{5384CE57-1F94-4D22-860D-2E9C1AC12DDF}.Client|Any CPU.Build.0 = Release|Any CPU
		{5384CE57-1F94-4D22-860D-2E9C1AC12DDF}.Client|x64.ActiveCfg = Release|Any CPU
		{5384CE57-1F94-4D22-860D-2E9C1AC12DDF}.Client|x86.ActiveCfg = Release|Any CPU
		{5384CE57-1F94-4D22-860D-2E9C1AC12DDF}.Debug|Any CPU.ActiveCfg = Debug|Any CPU
		{5384CE57-1F94-4D22-860D-2E9C1AC12DDF}.Debug|Any CPU.Build.0 = Debug|Any CPU
		{5384CE57-1F94-4D22-860D-2E9C1AC12DDF}.Debug|x64.ActiveCfg = Debug|Any CPU
		{5384CE57-1F94-4D22-860D-2E9C1AC12DDF}.Debug|x86.ActiveCfg = Debug|Any CPU
		{5384CE57-1F94-4D22-860D-2E9C1AC12DDF}.Debug|x86.Build.0 = Debug|Any CPU
		{5384CE57-1F94-4D22-860D-2E9C1AC12DDF}.DVD-5|Any CPU.ActiveCfg = Debug|Any CPU
		{5384CE57-1F94-4D22-860D-2E9C1AC12DDF}.DVD-5|Any CPU.Build.0 = Debug|Any CPU
		{5384CE57-1F94-4D22-860D-2E9C1AC12DDF}.DVD-5|x64.ActiveCfg = Debug|Any CPU
		{5384CE57-1F94-4D22-860D-2E9C1AC12DDF}.DVD-5|x86.ActiveCfg = Debug|Any CPU
		{5384CE57-1F94-4D22-860D-2E9C1AC12DDF}.Release|Any CPU.ActiveCfg = Release|Any CPU
		{5384CE57-1F94-4D22-860D-2E9C1AC12DDF}.Release|Any CPU.Build.0 = Release|Any CPU
		{5384CE57-1F94-4D22-860D-2E9C1AC12DDF}.Release|x64.ActiveCfg = Release|Any CPU
		{5384CE57-1F94-4D22-860D-2E9C1AC12DDF}.Release|x86.ActiveCfg = Release|Any CPU
		{5384CE57-1F94-4D22-860D-2E9C1AC12DDF}.Server|Any CPU.ActiveCfg = Release|Any CPU
		{5384CE57-1F94-4D22-860D-2E9C1AC12DDF}.Server|Any CPU.Build.0 = Release|Any CPU
		{5384CE57-1F94-4D22-860D-2E9C1AC12DDF}.Server|x64.ActiveCfg = Release|Any CPU
		{5384CE57-1F94-4D22-860D-2E9C1AC12DDF}.Server|x86.ActiveCfg = Release|Any CPU
		{5384CE57-1F94-4D22-860D-2E9C1AC12DDF}.SingleImage|Any CPU.ActiveCfg = Debug|Any CPU
		{5384CE57-1F94-4D22-860D-2E9C1AC12DDF}.SingleImage|Any CPU.Build.0 = Debug|Any CPU
		{5384CE57-1F94-4D22-860D-2E9C1AC12DDF}.SingleImage|x64.ActiveCfg = Debug|Any CPU
		{5384CE57-1F94-4D22-860D-2E9C1AC12DDF}.SingleImage|x86.ActiveCfg = Debug|Any CPU
		{FDA57BC6-76E0-4E01-B4BC-A03A969FCE3F}.CD_ROM|Any CPU.ActiveCfg = CD_ROM
		{FDA57BC6-76E0-4E01-B4BC-A03A969FCE3F}.CD_ROM|Any CPU.Build.0 = CD_ROM
		{FDA57BC6-76E0-4E01-B4BC-A03A969FCE3F}.CD_ROM|x64.ActiveCfg = CD_ROM
		{FDA57BC6-76E0-4E01-B4BC-A03A969FCE3F}.CD_ROM|x64.Build.0 = CD_ROM
		{FDA57BC6-76E0-4E01-B4BC-A03A969FCE3F}.CD_ROM|x86.ActiveCfg = CD_ROM
		{FDA57BC6-76E0-4E01-B4BC-A03A969FCE3F}.CD_ROM|x86.Build.0 = CD_ROM
		{FDA57BC6-76E0-4E01-B4BC-A03A969FCE3F}.Client|Any CPU.ActiveCfg = CD_ROM
		{FDA57BC6-76E0-4E01-B4BC-A03A969FCE3F}.Client|Any CPU.Build.0 = CD_ROM
		{FDA57BC6-76E0-4E01-B4BC-A03A969FCE3F}.Client|x64.ActiveCfg = CD_ROM
		{FDA57BC6-76E0-4E01-B4BC-A03A969FCE3F}.Client|x64.Build.0 = CD_ROM
		{FDA57BC6-76E0-4E01-B4BC-A03A969FCE3F}.Client|x86.ActiveCfg = CD_ROM
		{FDA57BC6-76E0-4E01-B4BC-A03A969FCE3F}.Client|x86.Build.0 = CD_ROM
		{FDA57BC6-76E0-4E01-B4BC-A03A969FCE3F}.Debug|Any CPU.ActiveCfg = DVD-5
		{FDA57BC6-76E0-4E01-B4BC-A03A969FCE3F}.Debug|Any CPU.Build.0 = DVD-5
		{FDA57BC6-76E0-4E01-B4BC-A03A969FCE3F}.Debug|x64.ActiveCfg = DVD-5
		{FDA57BC6-76E0-4E01-B4BC-A03A969FCE3F}.Debug|x64.Build.0 = DVD-5
		{FDA57BC6-76E0-4E01-B4BC-A03A969FCE3F}.Debug|x86.ActiveCfg = CD_ROM
		{FDA57BC6-76E0-4E01-B4BC-A03A969FCE3F}.DVD-5|Any CPU.ActiveCfg = DVD-5
		{FDA57BC6-76E0-4E01-B4BC-A03A969FCE3F}.DVD-5|Any CPU.Build.0 = DVD-5
		{FDA57BC6-76E0-4E01-B4BC-A03A969FCE3F}.DVD-5|x64.ActiveCfg = DVD-5
		{FDA57BC6-76E0-4E01-B4BC-A03A969FCE3F}.DVD-5|x64.Build.0 = DVD-5
		{FDA57BC6-76E0-4E01-B4BC-A03A969FCE3F}.DVD-5|x86.ActiveCfg = DVD-5
		{FDA57BC6-76E0-4E01-B4BC-A03A969FCE3F}.DVD-5|x86.Build.0 = DVD-5
		{FDA57BC6-76E0-4E01-B4BC-A03A969FCE3F}.Release|Any CPU.ActiveCfg = SingleImage
		{FDA57BC6-76E0-4E01-B4BC-A03A969FCE3F}.Release|Any CPU.Build.0 = SingleImage
		{FDA57BC6-76E0-4E01-B4BC-A03A969FCE3F}.Release|x64.ActiveCfg = SingleImage
		{FDA57BC6-76E0-4E01-B4BC-A03A969FCE3F}.Release|x64.Build.0 = SingleImage
		{FDA57BC6-76E0-4E01-B4BC-A03A969FCE3F}.Release|x86.ActiveCfg = SingleImage
		{FDA57BC6-76E0-4E01-B4BC-A03A969FCE3F}.Release|x86.Build.0 = SingleImage
		{FDA57BC6-76E0-4E01-B4BC-A03A969FCE3F}.Server|Any CPU.ActiveCfg = SingleImage
		{FDA57BC6-76E0-4E01-B4BC-A03A969FCE3F}.Server|Any CPU.Build.0 = SingleImage
		{FDA57BC6-76E0-4E01-B4BC-A03A969FCE3F}.Server|x64.ActiveCfg = SingleImage
		{FDA57BC6-76E0-4E01-B4BC-A03A969FCE3F}.Server|x64.Build.0 = SingleImage
		{FDA57BC6-76E0-4E01-B4BC-A03A969FCE3F}.Server|x86.ActiveCfg = SingleImage
		{FDA57BC6-76E0-4E01-B4BC-A03A969FCE3F}.Server|x86.Build.0 = SingleImage
		{FDA57BC6-76E0-4E01-B4BC-A03A969FCE3F}.SingleImage|Any CPU.ActiveCfg = SingleImage
		{FDA57BC6-76E0-4E01-B4BC-A03A969FCE3F}.SingleImage|Any CPU.Build.0 = SingleImage
		{FDA57BC6-76E0-4E01-B4BC-A03A969FCE3F}.SingleImage|x64.ActiveCfg = SingleImage
		{FDA57BC6-76E0-4E01-B4BC-A03A969FCE3F}.SingleImage|x64.Build.0 = SingleImage
		{FDA57BC6-76E0-4E01-B4BC-A03A969FCE3F}.SingleImage|x86.ActiveCfg = SingleImage
		{FDA57BC6-76E0-4E01-B4BC-A03A969FCE3F}.SingleImage|x86.Build.0 = SingleImage
		{C67C2FB3-6C8A-44C4-BEAE-D80748EF1B2E}.CD_ROM|Any CPU.ActiveCfg = CD_ROM
		{C67C2FB3-6C8A-44C4-BEAE-D80748EF1B2E}.CD_ROM|Any CPU.Build.0 = CD_ROM
		{C67C2FB3-6C8A-44C4-BEAE-D80748EF1B2E}.CD_ROM|x64.ActiveCfg = CD_ROM
		{C67C2FB3-6C8A-44C4-BEAE-D80748EF1B2E}.CD_ROM|x64.Build.0 = CD_ROM
		{C67C2FB3-6C8A-44C4-BEAE-D80748EF1B2E}.CD_ROM|x86.ActiveCfg = CD_ROM
		{C67C2FB3-6C8A-44C4-BEAE-D80748EF1B2E}.CD_ROM|x86.Build.0 = CD_ROM
		{C67C2FB3-6C8A-44C4-BEAE-D80748EF1B2E}.Client|Any CPU.ActiveCfg = CD_ROM
		{C67C2FB3-6C8A-44C4-BEAE-D80748EF1B2E}.Client|Any CPU.Build.0 = CD_ROM
		{C67C2FB3-6C8A-44C4-BEAE-D80748EF1B2E}.Client|x64.ActiveCfg = CD_ROM
		{C67C2FB3-6C8A-44C4-BEAE-D80748EF1B2E}.Client|x64.Build.0 = CD_ROM
		{C67C2FB3-6C8A-44C4-BEAE-D80748EF1B2E}.Client|x86.ActiveCfg = CD_ROM
		{C67C2FB3-6C8A-44C4-BEAE-D80748EF1B2E}.Client|x86.Build.0 = CD_ROM
		{C67C2FB3-6C8A-44C4-BEAE-D80748EF1B2E}.Debug|Any CPU.ActiveCfg = DVD-5
		{C67C2FB3-6C8A-44C4-BEAE-D80748EF1B2E}.Debug|Any CPU.Build.0 = DVD-5
		{C67C2FB3-6C8A-44C4-BEAE-D80748EF1B2E}.Debug|x64.ActiveCfg = DVD-5
		{C67C2FB3-6C8A-44C4-BEAE-D80748EF1B2E}.Debug|x64.Build.0 = DVD-5
		{C67C2FB3-6C8A-44C4-BEAE-D80748EF1B2E}.Debug|x86.ActiveCfg = CD_ROM
		{C67C2FB3-6C8A-44C4-BEAE-D80748EF1B2E}.DVD-5|Any CPU.ActiveCfg = DVD-5
		{C67C2FB3-6C8A-44C4-BEAE-D80748EF1B2E}.DVD-5|Any CPU.Build.0 = DVD-5
		{C67C2FB3-6C8A-44C4-BEAE-D80748EF1B2E}.DVD-5|x64.ActiveCfg = DVD-5
		{C67C2FB3-6C8A-44C4-BEAE-D80748EF1B2E}.DVD-5|x64.Build.0 = DVD-5
		{C67C2FB3-6C8A-44C4-BEAE-D80748EF1B2E}.DVD-5|x86.ActiveCfg = DVD-5
		{C67C2FB3-6C8A-44C4-BEAE-D80748EF1B2E}.DVD-5|x86.Build.0 = DVD-5
		{C67C2FB3-6C8A-44C4-BEAE-D80748EF1B2E}.Release|Any CPU.ActiveCfg = SingleImage
		{C67C2FB3-6C8A-44C4-BEAE-D80748EF1B2E}.Release|Any CPU.Build.0 = SingleImage
		{C67C2FB3-6C8A-44C4-BEAE-D80748EF1B2E}.Release|x64.ActiveCfg = SingleImage
		{C67C2FB3-6C8A-44C4-BEAE-D80748EF1B2E}.Release|x64.Build.0 = SingleImage
		{C67C2FB3-6C8A-44C4-BEAE-D80748EF1B2E}.Release|x86.ActiveCfg = SingleImage
		{C67C2FB3-6C8A-44C4-BEAE-D80748EF1B2E}.Release|x86.Build.0 = SingleImage
		{C67C2FB3-6C8A-44C4-BEAE-D80748EF1B2E}.Server|Any CPU.ActiveCfg = SingleImage
		{C67C2FB3-6C8A-44C4-BEAE-D80748EF1B2E}.Server|Any CPU.Build.0 = SingleImage
		{C67C2FB3-6C8A-44C4-BEAE-D80748EF1B2E}.Server|x64.ActiveCfg = SingleImage
		{C67C2FB3-6C8A-44C4-BEAE-D80748EF1B2E}.Server|x64.Build.0 = SingleImage
		{C67C2FB3-6C8A-44C4-BEAE-D80748EF1B2E}.Server|x86.ActiveCfg = SingleImage
		{C67C2FB3-6C8A-44C4-BEAE-D80748EF1B2E}.Server|x86.Build.0 = SingleImage
		{C67C2FB3-6C8A-44C4-BEAE-D80748EF1B2E}.SingleImage|Any CPU.ActiveCfg = SingleImage
		{C67C2FB3-6C8A-44C4-BEAE-D80748EF1B2E}.SingleImage|Any CPU.Build.0 = SingleImage
		{C67C2FB3-6C8A-44C4-BEAE-D80748EF1B2E}.SingleImage|x64.ActiveCfg = SingleImage
		{C67C2FB3-6C8A-44C4-BEAE-D80748EF1B2E}.SingleImage|x64.Build.0 = SingleImage
		{C67C2FB3-6C8A-44C4-BEAE-D80748EF1B2E}.SingleImage|x86.ActiveCfg = SingleImage
		{C67C2FB3-6C8A-44C4-BEAE-D80748EF1B2E}.SingleImage|x86.Build.0 = SingleImage
	EndGlobalSection
	GlobalSection(SolutionProperties) = preSolution
		HideSolutionNode = FALSE
	EndGlobalSection
EndGlobal
